// !$*UTF8*$!
{
	archiveVersion = 1;
	classes = {
	};
	objectVersion = 50;
	objects = {

/* Begin PBXBuildFile section */
		41F5E4622485E9A900DAF118 /* AppDelegate.swift in Sources */ = {isa = PBXBuildFile; fileRef = 41F5E4612485E9A900DAF118 /* AppDelegate.swift */; };
		41F5E4642485E9A900DAF118 /* SceneDelegate.swift in Sources */ = {isa = PBXBuildFile; fileRef = 41F5E4632485E9A900DAF118 /* SceneDelegate.swift */; };
		41F5E4662485E9A900DAF118 /* ViewController.swift in Sources */ = {isa = PBXBuildFile; fileRef = 41F5E4652485E9A900DAF118 /* ViewController.swift */; };
		41F5E4692485E9A900DAF118 /* Main.storyboard in Resources */ = {isa = PBXBuildFile; fileRef = 41F5E4672485E9A900DAF118 /* Main.storyboard */; };
		41F5E46C2485E9A900DAF118 /* ChartsDemo.xcdatamodeld in Sources */ = {isa = PBXBuildFile; fileRef = 41F5E46A2485E9A900DAF118 /* ChartsDemo.xcdatamodeld */; };
		41F5E46E2485E9AA00DAF118 /* Assets.xcassets in Resources */ = {isa = PBXBuildFile; fileRef = 41F5E46D2485E9AA00DAF118 /* Assets.xcassets */; };
		41F5E4712485E9AA00DAF118 /* LaunchScreen.storyboard in Resources */ = {isa = PBXBuildFile; fileRef = 41F5E46F2485E9AA00DAF118 /* LaunchScreen.storyboard */; };
		FB0D37AFC08DA8058715ABBC /* Pods_ChartsDemo.framework in Frameworks */ = {isa = PBXBuildFile; fileRef = 944EE148A266EC09074E8C67 /* Pods_ChartsDemo.framework */; };
/* End PBXBuildFile section */

/* Begin PBXFileReference section */
		41F5E45E2485E9A900DAF118 /* ChartsDemo.app */ = {isa = PBXFileReference; explicitFileType = wrapper.application; includeInIndex = 0; path = ChartsDemo.app; sourceTree = BUILT_PRODUCTS_DIR; };
		41F5E4612485E9A900DAF118 /* AppDelegate.swift */ = {isa = PBXFileReference; lastKnownFileType = sourcecode.swift; path = AppDelegate.swift; sourceTree = "<group>"; };
		41F5E4632485E9A900DAF118 /* SceneDelegate.swift */ = {isa = PBXFileReference; lastKnownFileType = sourcecode.swift; path = SceneDelegate.swift; sourceTree = "<group>"; };
		41F5E4652485E9A900DAF118 /* ViewController.swift */ = {isa = PBXFileReference; lastKnownFileType = sourcecode.swift; path = ViewController.swift; sourceTree = "<group>"; };
		41F5E4682485E9A900DAF118 /* Base */ = {isa = PBXFileReference; lastKnownFileType = file.storyboard; name = Base; path = Base.lproj/Main.storyboard; sourceTree = "<group>"; };
		41F5E46B2485E9A900DAF118 /* ChartsDemo.xcdatamodel */ = {isa = PBXFileReference; lastKnownFileType = wrapper.xcdatamodel; path = ChartsDemo.xcdatamodel; sourceTree = "<group>"; };
		41F5E46D2485E9AA00DAF118 /* Assets.xcassets */ = {isa = PBXFileReference; lastKnownFileType = folder.assetcatalog; path = Assets.xcassets; sourceTree = "<group>"; };
		41F5E4702485E9AA00DAF118 /* Base */ = {isa = PBXFileReference; lastKnownFileType = file.storyboard; name = Base; path = Base.lproj/LaunchScreen.storyboard; sourceTree = "<group>"; };
		41F5E4722485E9AA00DAF118 /* Info.plist */ = {isa = PBXFileReference; lastKnownFileType = text.plist.xml; path = Info.plist; sourceTree = "<group>"; };
		8743977F37CEB8A9839B7CB1 /* Pods-ChartsDemo.release.xcconfig */ = {isa = PBXFileReference; includeInIndex = 1; lastKnownFileType = text.xcconfig; name = "Pods-ChartsDemo.release.xcconfig"; path = "Target Support Files/Pods-ChartsDemo/Pods-ChartsDemo.release.xcconfig"; sourceTree = "<group>"; };
		8E78A23B31A460AA17E33C8D /* Pods-ChartsDemo.debug.xcconfig */ = {isa = PBXFileReference; includeInIndex = 1; lastKnownFileType = text.xcconfig; name = "Pods-ChartsDemo.debug.xcconfig"; path = "Target Support Files/Pods-ChartsDemo/Pods-ChartsDemo.debug.xcconfig"; sourceTree = "<group>"; };
		944EE148A266EC09074E8C67 /* Pods_ChartsDemo.framework */ = {isa = PBXFileReference; explicitFileType = wrapper.framework; includeInIndex = 0; path = Pods_ChartsDemo.framework; sourceTree = BUILT_PRODUCTS_DIR; };
/* End PBXFileReference section */

/* Begin PBXFrameworksBuildPhase section */
		41F5E45B2485E9A900DAF118 /* Frameworks */ = {
			isa = PBXFrameworksBuildPhase;
			buildActionMask = 2147483647;
			files = (
				FB0D37AFC08DA8058715ABBC /* Pods_ChartsDemo.framework in Frameworks */,
			);
			runOnlyForDeploymentPostprocessing = 0;
		};
/* End PBXFrameworksBuildPhase section */

/* Begin PBXGroup section */
		1C9288F500922EC187189BDB /* Pods */ = {
			isa = PBXGroup;
			children = (
				8E78A23B31A460AA17E33C8D /* Pods-ChartsDemo.debug.xcconfig */,
				8743977F37CEB8A9839B7CB1 /* Pods-ChartsDemo.release.xcconfig */,
			);
			name = Pods;
			path = Pods;
			sourceTree = "<group>";
		};
		41F5E4552485E9A900DAF118 = {
			isa = PBXGroup;
			children = (
				41F5E4602485E9A900DAF118 /* ChartsDemo */,
				41F5E45F2485E9A900DAF118 /* Products */,
				1C9288F500922EC187189BDB /* Pods */,
				8720611FCA24615DE31BBE95 /* Frameworks */,
			);
			sourceTree = "<group>";
		};
		41F5E45F2485E9A900DAF118 /* Products */ = {
			isa = PBXGroup;
			children = (
				41F5E45E2485E9A900DAF118 /* ChartsDemo.app */,
			);
			name = Products;
			sourceTree = "<group>";
		};
		41F5E4602485E9A900DAF118 /* ChartsDemo */ = {
			isa = PBXGroup;
			children = (
				41F5E4612485E9A900DAF118 /* AppDelegate.swift */,
				41F5E4632485E9A900DAF118 /* SceneDelegate.swift */,
				41F5E4652485E9A900DAF118 /* ViewController.swift */,
				41F5E4672485E9A900DAF118 /* Main.storyboard */,
				41F5E46D2485E9AA00DAF118 /* Assets.xcassets */,
				41F5E46F2485E9AA00DAF118 /* LaunchScreen.storyboard */,
				41F5E4722485E9AA00DAF118 /* Info.plist */,
				41F5E46A2485E9A900DAF118 /* ChartsDemo.xcdatamodeld */,
			);
			path = ChartsDemo;
			sourceTree = "<group>";
		};
		8720611FCA24615DE31BBE95 /* Frameworks */ = {
			isa = PBXGroup;
			children = (
				944EE148A266EC09074E8C67 /* Pods_ChartsDemo.framework */,
			);
			name = Frameworks;
			sourceTree = "<group>";
		};
/* End PBXGroup section */

/* Begin PBXNativeTarget section */
		41F5E45D2485E9A900DAF118 /* ChartsDemo */ = {
			isa = PBXNativeTarget;
			buildConfigurationList = 41F5E4752485E9AA00DAF118 /* Build configuration list for PBXNativeTarget "ChartsDemo" */;
			buildPhases = (
				F88079072B5FEC30899A2C60 /* [CP] Check Pods Manifest.lock */,
				41F5E45A2485E9A900DAF118 /* Sources */,
				41F5E45B2485E9A900DAF118 /* Frameworks */,
				41F5E45C2485E9A900DAF118 /* Resources */,
				FB4B46F12AB92355D9A40BF9 /* [CP] Embed Pods Frameworks */,
			);
			buildRules = (
			);
			dependencies = (
			);
			name = ChartsDemo;
			productName = ChartsDemo;
			productReference = 41F5E45E2485E9A900DAF118 /* ChartsDemo.app */;
			productType = "com.apple.product-type.application";
		};
/* End PBXNativeTarget section */

/* Begin PBXProject section */
		41F5E4562485E9A900DAF118 /* Project object */ = {
			isa = PBXProject;
			attributes = {
				LastSwiftUpdateCheck = 1140;
				LastUpgradeCheck = 1140;
				ORGANIZATIONNAME = drs24;
				TargetAttributes = {
					41F5E45D2485E9A900DAF118 = {
						CreatedOnToolsVersion = 11.4.1;
					};
				};
			};
			buildConfigurationList = 41F5E4592485E9A900DAF118 /* Build configuration list for PBXProject "ChartsDemo" */;
			compatibilityVersion = "Xcode 9.3";
			developmentRegion = en;
			hasScannedForEncodings = 0;
			knownRegions = (
				en,
				Base,
			);
			mainGroup = 41F5E4552485E9A900DAF118;
			productRefGroup = 41F5E45F2485E9A900DAF118 /* Products */;
			projectDirPath = "";
			projectRoot = "";
			targets = (
				41F5E45D2485E9A900DAF118 /* ChartsDemo */,
			);
		};
/* End PBXProject section */

/* Begin PBXResourcesBuildPhase section */
		41F5E45C2485E9A900DAF118 /* Resources */ = {
			isa = PBXResourcesBuildPhase;
			buildActionMask = 2147483647;
			files = (
				41F5E4712485E9AA00DAF118 /* LaunchScreen.storyboard in Resources */,
				41F5E46E2485E9AA00DAF118 /* Assets.xcassets in Resources */,
				41F5E4692485E9A900DAF118 /* Main.storyboard in Resources */,
			);
			runOnlyForDeploymentPostprocessing = 0;
		};
/* End PBXResourcesBuildPhase section */

/* Begin PBXShellScriptBuildPhase section */
		F88079072B5FEC30899A2C60 /* [CP] Check Pods Manifest.lock */ = {
			isa = PBXShellScriptBuildPhase;
			buildActionMask = 2147483647;
			files = (
			);
			inputFileListPaths = (
			);
			inputPaths = (
				"${PODS_PODFILE_DIR_PATH}/Podfile.lock",
				"${PODS_ROOT}/Manifest.lock",
			);
			name = "[CP] Check Pods Manifest.lock";
			outputFileListPaths = (
			);
			outputPaths = (
				"$(DERIVED_FILE_DIR)/Pods-ChartsDemo-checkManifestLockResult.txt",
			);
			runOnlyForDeploymentPostprocessing = 0;
			shellPath = /bin/sh;
			shellScript = "diff \"${PODS_PODFILE_DIR_PATH}/Podfile.lock\" \"${PODS_ROOT}/Manifest.lock\" > /dev/null\nif [ $? != 0 ] ; then\n    # print error to STDERR\n    echo \"error: The sandbox is not in sync with the Podfile.lock. Run 'pod install' or update your CocoaPods installation.\" >&2\n    exit 1\nfi\n# This output is used by Xcode 'outputs' to avoid re-running this script phase.\necho \"SUCCESS\" > \"${SCRIPT_OUTPUT_FILE_0}\"\n";
			showEnvVarsInLog = 0;
		};
		FB4B46F12AB92355D9A40BF9 /* [CP] Embed Pods Frameworks */ = {
			isa = PBXShellScriptBuildPhase;
			buildActionMask = 2147483647;
			files = (
			);
			inputFileListPaths = (
				"${PODS_ROOT}/Target Support Files/Pods-ChartsDemo/Pods-ChartsDemo-frameworks-${CONFIGURATION}-input-files.xcfilelist",
			);
			name = "[CP] Embed Pods Frameworks";
			outputFileListPaths = (
				"${PODS_ROOT}/Target Support Files/Pods-ChartsDemo/Pods-ChartsDemo-frameworks-${CONFIGURATION}-output-files.xcfilelist",
			);
			runOnlyForDeploymentPostprocessing = 0;
			shellPath = /bin/sh;
			shellScript = "\"${PODS_ROOT}/Target Support Files/Pods-ChartsDemo/Pods-ChartsDemo-frameworks.sh\"\n";
			showEnvVarsInLog = 0;
		};
/* End PBXShellScriptBuildPhase section */

/* Begin PBXSourcesBuildPhase section */
		41F5E45A2485E9A900DAF118 /* Sources */ = {
			isa = PBXSourcesBuildPhase;
			buildActionMask = 2147483647;
			files = (
				41F5E4662485E9A900DAF118 /* ViewController.swift in Sources */,
				41F5E46C2485E9A900DAF118 /* ChartsDemo.xcdatamodeld in Sources */,
				41F5E4622485E9A900DAF118 /* AppDelegate.swift in Sources */,
				41F5E4642485E9A900DAF118 /* SceneDelegate.swift in Sources */,
			);
			runOnlyForDeploymentPostprocessing = 0;
		};
/* End PBXSourcesBuildPhase section */

/* Begin PBXVariantGroup section */
		41F5E4672485E9A900DAF118 /* Main.storyboard */ = {
			isa = PBXVariantGroup;
			children = (
				41F5E4682485E9A900DAF118 /* Base */,
			);
			name = Main.storyboard;
			sourceTree = "<group>";
		};
		41F5E46F2485E9AA00DAF118 /* LaunchScreen.storyboard */ = {
			isa = PBXVariantGroup;
			children = (
				41F5E4702485E9AA00DAF118 /* Base */,
			);
			name = LaunchScreen.storyboard;
			sourceTree = "<group>";
		};
/* End PBXVariantGroup section */

/* Begin XCBuildConfiguration section */
		41F5E4732485E9AA00DAF118 /* Debug */ = {
			isa = XCBuildConfiguration;
			buildSettings = {
				ALWAYS_SEARCH_USER_PATHS = NO;
				CLANG_ANALYZER_NONNULL = YES;
				CLANG_ANALYZER_NUMBER_OBJECT_CONVERSION = YES_AGGRESSIVE;
				CLANG_CXX_LANGUAGE_STANDARD = "gnu++14";
				CLANG_CXX_LIBRARY = "libc++";
				CLANG_ENABLE_MODULES = YES;
				CLANG_ENABLE_OBJC_ARC = YES;
				CLANG_ENABLE_OBJC_WEAK = YES;
				CLANG_WARN_BLOCK_CAPTURE_AUTORELEASING = YES;
				CLANG_WARN_BOOL_CONVERSION = YES;
				CLANG_WARN_COMMA = YES;
				CLANG_WARN_CONSTANT_CONVERSION = YES;
				CLANG_WARN_DEPRECATED_OBJC_IMPLEMENTATIONS = YES;
				CLANG_WARN_DIRECT_OBJC_ISA_USAGE = YES_ERROR;
				CLANG_WARN_DOCUMENTATION_COMMENTS = YES;
				CLANG_WARN_EMPTY_BODY = YES;
				CLANG_WARN_ENUM_CONVERSION = YES;
				CLANG_WARN_INFINITE_RECURSION = YES;
				CLANG_WARN_INT_CONVERSION = YES;
				CLANG_WARN_NON_LITERAL_NULL_CONVERSION = YES;
				CLANG_WARN_OBJC_IMPLICIT_RETAIN_SELF = YES;
				CLANG_WARN_OBJC_LITERAL_CONVERSION = YES;
				CLANG_WARN_OBJC_ROOT_CLASS = YES_ERROR;
				CLANG_WARN_RANGE_LOOP_ANALYSIS = YES;
				CLANG_WARN_STRICT_PROTOTYPES = YES;
				CLANG_WARN_SUSPICIOUS_MOVE = YES;
				CLANG_WARN_UNGUARDED_AVAILABILITY = YES_AGGRESSIVE;
				CLANG_WARN_UNREACHABLE_CODE = YES;
				CLANG_WARN__DUPLICATE_METHOD_MATCH = YES;
				COPY_PHASE_STRIP = NO;
				DEBUG_INFORMATION_FORMAT = dwarf;
				ENABLE_STRICT_OBJC_MSGSEND = YES;
				ENABLE_TESTABILITY = YES;
				GCC_C_LANGUAGE_STANDARD = gnu11;
				GCC_DYNAMIC_NO_PIC = NO;
				GCC_NO_COMMON_BLOCKS = YES;
				GCC_OPTIMIZATION_LEVEL = 0;
				GCC_PREPROCESSOR_DEFINITIONS = (
					"DEBUG=1",
					"$(inherited)",
				);
				GCC_WARN_64_TO_32_BIT_CONVERSION = YES;
				GCC_WARN_ABOUT_RETURN_TYPE = YES_ERROR;
				GCC_WARN_UNDECLARED_SELECTOR = YES;
				GCC_WARN_UNINITIALIZED_AUTOS = YES_AGGRESSIVE;
				GCC_WARN_UNUSED_FUNCTION = YES;
				GCC_WARN_UNUSED_VARIABLE = YES;
				IPHONEOS_DEPLOYMENT_TARGET = 13.4;
				MTL_ENABLE_DEBUG_INFO = INCLUDE_SOURCE;
				MTL_FAST_MATH = YES;
				ONLY_ACTIVE_ARCH = YES;
				SDKROOT = iphoneos;
				SWIFT_ACTIVE_COMPILATION_CONDITIONS = DEBUG;
				SWIFT_OPTIMIZATION_LEVEL = "-Onone";
			};
			name = Debug;
		};
		41F5E4742485E9AA00DAF118 /* Release */ = {
			isa = XCBuildConfiguration;
			buildSettings = {
				ALWAYS_SEARCH_USER_PATHS = NO;
				CLANG_ANALYZER_NONNULL = YES;
				CLANG_ANALYZER_NUMBER_OBJECT_CONVERSION = YES_AGGRESSIVE;
				CLANG_CXX_LANGUAGE_STANDARD = "gnu++14";
				CLANG_CXX_LIBRARY = "libc++";
				CLANG_ENABLE_MODULES = YES;
				CLANG_ENABLE_OBJC_ARC = YES;
				CLANG_ENABLE_OBJC_WEAK = YES;
				CLANG_WARN_BLOCK_CAPTURE_AUTORELEASING = YES;
				CLANG_WARN_BOOL_CONVERSION = YES;
				CLANG_WARN_COMMA = YES;
				CLANG_WARN_CONSTANT_CONVERSION = YES;
				CLANG_WARN_DEPRECATED_OBJC_IMPLEMENTATIONS = YES;
				CLANG_WARN_DIRECT_OBJC_ISA_USAGE = YES_ERROR;
				CLANG_WARN_DOCUMENTATION_COMMENTS = YES;
				CLANG_WARN_EMPTY_BODY = YES;
				CLANG_WARN_ENUM_CONVERSION = YES;
				CLANG_WARN_INFINITE_RECURSION = YES;
				CLANG_WARN_INT_CONVERSION = YES;
				CLANG_WARN_NON_LITERAL_NULL_CONVERSION = YES;
				CLANG_WARN_OBJC_IMPLICIT_RETAIN_SELF = YES;
				CLANG_WARN_OBJC_LITERAL_CONVERSION = YES;
				CLANG_WARN_OBJC_ROOT_CLASS = YES_ERROR;
				CLANG_WARN_RANGE_LOOP_ANALYSIS = YES;
				CLANG_WARN_STRICT_PROTOTYPES = YES;
				CLANG_WARN_SUSPICIOUS_MOVE = YES;
				CLANG_WARN_UNGUARDED_AVAILABILITY = YES_AGGRESSIVE;
				CLANG_WARN_UNREACHABLE_CODE = YES;
				CLANG_WARN__DUPLICATE_METHOD_MATCH = YES;
				COPY_PHASE_STRIP = NO;
				DEBUG_INFORMATION_FORMAT = "dwarf-with-dsym";
				ENABLE_NS_ASSERTIONS = NO;
				ENABLE_STRICT_OBJC_MSGSEND = YES;
				GCC_C_LANGUAGE_STANDARD = gnu11;
				GCC_NO_COMMON_BLOCKS = YES;
				GCC_WARN_64_TO_32_BIT_CONVERSION = YES;
				GCC_WARN_ABOUT_RETURN_TYPE = YES_ERROR;
				GCC_WARN_UNDECLARED_SELECTOR = YES;
				GCC_WARN_UNINITIALIZED_AUTOS = YES_AGGRESSIVE;
				GCC_WARN_UNUSED_FUNCTION = YES;
				GCC_WARN_UNUSED_VARIABLE = YES;
				IPHONEOS_DEPLOYMENT_TARGET = 13.4;
				MTL_ENABLE_DEBUG_INFO = NO;
				MTL_FAST_MATH = YES;
				SDKROOT = iphoneos;
				SWIFT_COMPILATION_MODE = wholemodule;
				SWIFT_OPTIMIZATION_LEVEL = "-O";
				VALIDATE_PRODUCT = YES;
			};
			name = Release;
		};
		41F5E4762485E9AA00DAF118 /* Debug */ = {
			isa = XCBuildConfiguration;
			baseConfigurationReference = 8E78A23B31A460AA17E33C8D /* Pods-ChartsDemo.debug.xcconfig */;
			buildSettings = {
				ASSETCATALOG_COMPILER_APPICON_NAME = AppIcon;
				CODE_SIGN_STYLE = Automatic;
				DEVELOPMENT_TEAM = 3PXPM5SP82;
				INFOPLIST_FILE = ChartsDemo/Info.plist;
				LD_RUNPATH_SEARCH_PATHS = (
					"$(inherited)",
					"@executable_path/Frameworks",
				);
				PRODUCT_BUNDLE_IDENTIFIER = com.drs24.Charts.ChartsDemo;
				PRODUCT_NAME = "$(TARGET_NAME)";
				SWIFT_VERSION = 5.0;
				TARGETED_DEVICE_FAMILY = "1,2";
			};
			name = Debug;
		};
		41F5E4772485E9AA00DAF118 /* Release */ = {
			isa = XCBuildConfiguration;
			baseConfigurationReference = 8743977F37CEB8A9839B7CB1 /* Pods-ChartsDemo.release.xcconfig */;
			buildSettings = {
				ASSETCATALOG_COMPILER_APPICON_NAME = AppIcon;
				CODE_SIGN_STYLE = Automatic;
				DEVELOPMENT_TEAM = 3PXPM5SP82;
				INFOPLIST_FILE = ChartsDemo/Info.plist;
				LD_RUNPATH_SEARCH_PATHS = (
					"$(inherited)",
					"@executable_path/Frameworks",
				);
				PRODUCT_BUNDLE_IDENTIFIER = com.drs24.Charts.ChartsDemo;
				PRODUCT_NAME = "$(TARGET_NAME)";
				SWIFT_VERSION = 5.0;
				TARGETED_DEVICE_FAMILY = "1,2";
			};
			name = Release;
		};
/* End XCBuildConfiguration section */

/* Begin XCConfigurationList section */
		41F5E4592485E9A900DAF118 /* Build configuration list for PBXProject "ChartsDemo" */ = {
			isa = XCConfigurationList;
			buildConfigurations = (
				41F5E4732485E9AA00DAF118 /* Debug */,
				41F5E4742485E9AA00DAF118 /* Release */,
			);
			defaultConfigurationIsVisible = 0;
			defaultConfigurationName = Release;
		};
		41F5E4752485E9AA00DAF118 /* Build configuration list for PBXNativeTarget "ChartsDemo" */ = {
			isa = XCConfigurationList;
			buildConfigurations = (
				41F5E4762485E9AA00DAF118 /* Debug */,
				41F5E4772485E9AA00DAF118 /* Release */,
			);
			defaultConfigurationIsVisible = 0;
			defaultConfigurationName = Release;
		};
/* End XCConfigurationList section */

/* Begin XCVersionGroup section */
		41F5E46A2485E9A900DAF118 /* ChartsDemo.xcdatamodeld */ = {
			isa = XCVersionGroup;
			children = (
				41F5E46B2485E9A900DAF118 /* ChartsDemo.xcdatamodel */,
			);
			currentVersion = 41F5E46B2485E9A900DAF118 /* ChartsDemo.xcdatamodel */;
			path = ChartsDemo.xcdatamodeld;
			sourceTree = "<group>";
			versionGroupType = wrapper.xcdatamodel;
		};
/* End XCVersionGroup section */
	};
	rootObject = 41F5E4562485E9A900DAF118 /* Project object */;
}
